{
  "name": "v4-command-center",
  "version": "6.0.0",
  "lockfileVersion": 3,
  "requires": true,
  "packages": {
    "": {
      "name": "v4-command-center",
      "version": "6.0.0",
      "private": true,
      "description": "Painel operacional V4 Company responsivo com CRM dinâmico Google Sheets, mídia, LPs, pixels, concorrentes SEMrush, eKyte e integrações.",
      "devDependencies": {}
    }
  }
}
